
Microsoft Visual Studio Solution File, Format Version 11.00
# Visual Studio Version 17

Project("{8BC9CEB8-8B4A-11D0-8D11-00A0C91BC942}") = "EQ - Standalone Plugin", "EQ_StandalonePlugin.vcxproj", "{F0FBF918-F609-E74B-AE82-1DF263154ECC}"
	ProjectSection(ProjectDependencies) = postProject
		{D13BDA1A-A0A4-7295-07AC-5609D890C204} = {D13BDA1A-A0A4-7295-07AC-5609D890C204}
	EndProjectSection
EndProject
Project("{8BC9CEB8-8B4A-11D0-8D11-00A0C91BC942}") = "EQ - VST3", "EQ_VST3.vcxproj", "{252ADF8B-C303-C263-A64F-E1908F1EE129}"
	ProjectSection(ProjectDependencies) = postProject
		{D13BDA1A-A0A4-7295-07AC-5609D890C204} = {D13BDA1A-A0A4-7295-07AC-5609D890C204}
		{3DE43AAF-663A-6B67-CD0D-DFAF096360A0} = {3DE43AAF-663A-6B67-CD0D-DFAF096360A0}
	EndProjectSection
EndProject
Project("{8BC9CEB8-8B4A-11D0-8D11-00A0C91BC942}") = "EQ - Shared Code", "EQ_SharedCode.vcxproj", "{D13BDA1A-A0A4-7295-07AC-5609D890C204}"
EndProject
Project("{8BC9CEB8-8B4A-11D0-8D11-00A0C91BC942}") = "EQ - VST3 Manifest Helper", "EQ_VST3ManifestHelper.vcxproj", "{3DE43AAF-663A-6B67-CD0D-DFAF096360A0}"
EndProject
Global
	GlobalSection(SolutionConfigurationPlatforms) = preSolution
		Debug|x64 = Debug|x64
		Release|x64 = Release|x64
	EndGlobalSection
	GlobalSection(ProjectConfigurationPlatforms) = postSolution
		{252ADF8B-C303-C263-A64F-E1908F1EE129}.Debug|x64.ActiveCfg = Debug|x64
		{252ADF8B-C303-C263-A64F-E1908F1EE129}.Debug|x64.Build.0 = Debug|x64
		{252ADF8B-C303-C263-A64F-E1908F1EE129}.Release|x64.ActiveCfg = Release|x64
		{252ADF8B-C303-C263-A64F-E1908F1EE129}.Release|x64.Build.0 = Release|x64
		{F0FBF918-F609-E74B-AE82-1DF263154ECC}.Debug|x64.ActiveCfg = Debug|x64
		{F0FBF918-F609-E74B-AE82-1DF263154ECC}.Debug|x64.Build.0 = Debug|x64
		{F0FBF918-F609-E74B-AE82-1DF263154ECC}.Release|x64.ActiveCfg = Release|x64
		{F0FBF918-F609-E74B-AE82-1DF263154ECC}.Release|x64.Build.0 = Release|x64
		{D13BDA1A-A0A4-7295-07AC-5609D890C204}.Debug|x64.ActiveCfg = Debug|x64
		{D13BDA1A-A0A4-7295-07AC-5609D890C204}.Debug|x64.Build.0 = Debug|x64
		{D13BDA1A-A0A4-7295-07AC-5609D890C204}.Release|x64.ActiveCfg = Release|x64
		{D13BDA1A-A0A4-7295-07AC-5609D890C204}.Release|x64.Build.0 = Release|x64
		{3DE43AAF-663A-6B67-CD0D-DFAF096360A0}.Debug|x64.ActiveCfg = Debug|x64
		{3DE43AAF-663A-6B67-CD0D-DFAF096360A0}.Debug|x64.Build.0 = Debug|x64
		{3DE43AAF-663A-6B67-CD0D-DFAF096360A0}.Release|x64.ActiveCfg = Release|x64
		{3DE43AAF-663A-6B67-CD0D-DFAF096360A0}.Release|x64.Build.0 = Release|x64
	EndGlobalSection
	GlobalSection(SolutionProperties) = preSolution
		HideSolutionNode = FALSE
	EndGlobalSection
EndGlobal
